
Microsoft Visual Studio Solution File, Format Version 12.00
# Visual Studio Version 17
VisualStudioVersion = 17.1.32210.238
MinimumVisualStudioVersion = 10.0.40219.1
Project("{FAE04EC0-301F-11D3-BF4B-00C04F79EFBC}") = "mod3no5_1302194049", "mod3no5_1302194049\mod3no5_1302194049.csproj", "{95C1C691-00B8-46A9-8445-EBDF2DD19E25}"
EndProject
Global
	GlobalSection(SolutionConfigurationPlatforms) = preSolution
		Debug|Any CPU = Debug|Any CPU
		Release|Any CPU = Release|Any CPU
	EndGlobalSection
	GlobalSection(ProjectConfigurationPlatforms) = postSolution
		{95C1C691-00B8-46A9-8445-EBDF2DD19E25}.Debug|Any CPU.ActiveCfg = Debug|Any CPU
		{95C1C691-00B8-46A9-8445-EBDF2DD19E25}.Debug|Any CPU.Build.0 = Debug|Any CPU
		{95C1C691-00B8-46A9-8445-EBDF2DD19E25}.Release|Any CPU.ActiveCfg = Release|Any CPU
		{95C1C691-00B8-46A9-8445-EBDF2DD19E25}.Release|Any CPU.Build.0 = Release|Any CPU
	EndGlobalSection
	GlobalSection(SolutionProperties) = preSolution
		HideSolutionNode = FALSE
	EndGlobalSection
	GlobalSection(ExtensibilityGlobals) = postSolution
		SolutionGuid = {51AB5D38-DDF8-45B9-ACFC-39D2961A51DF}
	EndGlobalSection
EndGlobal
